
Microsoft Visual Studio Solution File, Format Version 12.00
Project("{FAE04EC0-301F-11D3-BF4B-00C04F79EFBC}") = "WoS.Extensions", "WoS.Extensions\WoS.Extensions.csproj", "{57EFD0FE-1871-4B7B-944F-06DA81A065CD}"
EndProject
Project("{FAE04EC0-301F-11D3-BF4B-00C04F79EFBC}") = "Wos.Logging", "Wos.Logging\Wos.Logging.csproj", "{B98E9C94-434B-4523-A085-72426B0D6553}"
EndProject
Project("{FAE04EC0-301F-11D3-BF4B-00C04F79EFBC}") = "WoS.UI", "WoS.UI\WoS.UI.csproj", "{AA89F2C4-B11D-4FDC-9C03-F033170EFF32}"
EndProject
Global
	GlobalSection(SolutionConfigurationPlatforms) = preSolution
		Debug|Any CPU = Debug|Any CPU
		Release|Any CPU = Release|Any CPU
	EndGlobalSection
	GlobalSection(ProjectConfigurationPlatforms) = postSolution
		{57EFD0FE-1871-4B7B-944F-06DA81A065CD}.Debug|Any CPU.ActiveCfg = Debug|Any CPU
		{57EFD0FE-1871-4B7B-944F-06DA81A065CD}.Debug|Any CPU.Build.0 = Debug|Any CPU
		{57EFD0FE-1871-4B7B-944F-06DA81A065CD}.Release|Any CPU.ActiveCfg = Release|Any CPU
		{57EFD0FE-1871-4B7B-944F-06DA81A065CD}.Release|Any CPU.Build.0 = Release|Any CPU
		{B98E9C94-434B-4523-A085-72426B0D6553}.Debug|Any CPU.ActiveCfg = Debug|Any CPU
		{B98E9C94-434B-4523-A085-72426B0D6553}.Debug|Any CPU.Build.0 = Debug|Any CPU
		{B98E9C94-434B-4523-A085-72426B0D6553}.Release|Any CPU.ActiveCfg = Release|Any CPU
		{B98E9C94-434B-4523-A085-72426B0D6553}.Release|Any CPU.Build.0 = Release|Any CPU
		{AA89F2C4-B11D-4FDC-9C03-F033170EFF32}.Debug|Any CPU.ActiveCfg = Debug|Any CPU
		{AA89F2C4-B11D-4FDC-9C03-F033170EFF32}.Debug|Any CPU.Build.0 = Debug|Any CPU
		{AA89F2C4-B11D-4FDC-9C03-F033170EFF32}.Release|Any CPU.ActiveCfg = Release|Any CPU
		{AA89F2C4-B11D-4FDC-9C03-F033170EFF32}.Release|Any CPU.Build.0 = Release|Any CPU
	EndGlobalSection
EndGlobal
